{
  "originHash" : "b1a4fd3071d6623131526912f050013c023ee1b08e7ca0b9f6d0645d3d3f861e",
  "pins" : [
    {
      "identity" : "entrevoix-shared",
      "kind" : "remoteSourceControl",
      "location" : "https://github.com/entrevoix-app/entrevoix-shared.git",
      "state" : {
        "revision" : "818935cc2f0b5998d84a809ca31d95e04ac90840",
        "version" : "0.3.0"
      }
    }
  ],
  "version" : 3
}
