{
  "originHash" : "b1a4fd3071d6623131526912f050013c023ee1b08e7ca0b9f6d0645d3d3f861e",
  "pins" : [
    {
      "identity" : "entrevoix-shared",
      "kind" : "remoteSourceControl",
      "location" : "https://github.com/entrevoix-app/entrevoix-shared.git",
      "state" : {
        "revision" : "b25cdf289d85e205d1a0b78f8159bb85c8fec5a9",
        "version" : "0.2.0"
      }
    }
  ],
  "version" : 3
}
